
Microsoft Visual Studio Solution File, Format Version 12.00
# Visual Studio 2013
VisualStudioVersion = 12.0.30110.0
MinimumVisualStudioVersion = 10.0.40219.1
Project("{FAE04EC0-301F-11D3-BF4B-00C04F79EFBC}") = "RawStack", "RawStack\RawStack.csproj", "{AC62EE31-B457-47B4-BB4A-D9E18B426429}"
EndProject
Project("{FAE04EC0-301F-11D3-BF4B-00C04F79EFBC}") = "RawStack.Tests", "RawStack.Tests\RawStack.Tests.csproj", "{13F9D855-DC1E-4E9F-926F-4536DEBD94DB}"
EndProject
Project("{2150E333-8FDC-42A3-9474-1A3956D46DE8}") = ".nuget", ".nuget", "{AFC19CCF-0649-4A71-AABB-96E74CC43330}"
	ProjectSection(SolutionItems) = preProject
		.nuget\NuGet.Config = .nuget\NuGet.Config
		.nuget\NuGet.exe = .nuget\NuGet.exe
		.nuget\NuGet.targets = .nuget\NuGet.targets
	EndProjectSection
EndProject
Global
	GlobalSection(SolutionConfigurationPlatforms) = preSolution
		Debug|Any CPU = Debug|Any CPU
		Release|Any CPU = Release|Any CPU
	EndGlobalSection
	GlobalSection(ProjectConfigurationPlatforms) = postSolution
		{AC62EE31-B457-47B4-BB4A-D9E18B426429}.Debug|Any CPU.ActiveCfg = Debug|Any CPU
		{AC62EE31-B457-47B4-BB4A-D9E18B426429}.Debug|Any CPU.Build.0 = Debug|Any CPU
		{AC62EE31-B457-47B4-BB4A-D9E18B426429}.Release|Any CPU.ActiveCfg = Release|Any CPU
		{AC62EE31-B457-47B4-BB4A-D9E18B426429}.Release|Any CPU.Build.0 = Release|Any CPU
		{13F9D855-DC1E-4E9F-926F-4536DEBD94DB}.Debug|Any CPU.ActiveCfg = Debug|Any CPU
		{13F9D855-DC1E-4E9F-926F-4536DEBD94DB}.Debug|Any CPU.Build.0 = Debug|Any CPU
		{13F9D855-DC1E-4E9F-926F-4536DEBD94DB}.Release|Any CPU.ActiveCfg = Release|Any CPU
		{13F9D855-DC1E-4E9F-926F-4536DEBD94DB}.Release|Any CPU.Build.0 = Release|Any CPU
	EndGlobalSection
	GlobalSection(SolutionProperties) = preSolution
		HideSolutionNode = FALSE
	EndGlobalSection
EndGlobal
